
Microsoft Visual Studio Solution File, Format Version 12.00
# Visual Studio Version 17
VisualStudioVersion = 17.7.34031.279
MinimumVisualStudioVersion = 10.0.40219.1
Project("{FAE04EC0-301F-11D3-BF4B-00C04F79EFBC}") = "Practice-Project_onSchoolDb-Mvc", "Practice-Project_onSchoolDb-Mvc\Practice-Project_onSchoolDb-Mvc.csproj", "{5B030BEA-E201-4913-81F0-A3AD85E2DC65}"
EndProject
Global
	GlobalSection(SolutionConfigurationPlatforms) = preSolution
		Debug|Any CPU = Debug|Any CPU
		Release|Any CPU = Release|Any CPU
	EndGlobalSection
	GlobalSection(ProjectConfigurationPlatforms) = postSolution
		{5B030BEA-E201-4913-81F0-A3AD85E2DC65}.Debug|Any CPU.ActiveCfg = Debug|Any CPU
		{5B030BEA-E201-4913-81F0-A3AD85E2DC65}.Debug|Any CPU.Build.0 = Debug|Any CPU
		{5B030BEA-E201-4913-81F0-A3AD85E2DC65}.Release|Any CPU.ActiveCfg = Release|Any CPU
		{5B030BEA-E201-4913-81F0-A3AD85E2DC65}.Release|Any CPU.Build.0 = Release|Any CPU
	EndGlobalSection
	GlobalSection(SolutionProperties) = preSolution
		HideSolutionNode = FALSE
	EndGlobalSection
	GlobalSection(ExtensibilityGlobals) = postSolution
		SolutionGuid = {7D2A6665-7717-4F94-A16B-169E20E6F04A}
	EndGlobalSection
EndGlobal
